
Microsoft Visual Studio Solution File, Format Version 12.00
# Visual Studio 15
VisualStudioVersion = 15.0.27130.2027
MinimumVisualStudioVersion = 10.0.40219.1
Project("{FAE04EC0-301F-11D3-BF4B-00C04F79EFBC}") = "Esim1", "Esim1\Esim1.csproj", "{F9D8F854-1178-4C10-84C6-A971F13F91FD}"
EndProject
Project("{FAE04EC0-301F-11D3-BF4B-00C04F79EFBC}") = "Teht1_Noppa", "Teht1_Noppa\Teht1_Noppa.csproj", "{798D562F-34D2-4AC4-97CE-297A6BBA16B7}"
EndProject
Project("{FAE04EC0-301F-11D3-BF4B-00C04F79EFBC}") = "Teht2_Ostokset", "Teht2_Ostokset\Teht2_Ostokset.csproj", "{2C43A66D-1083-4816-9695-DE188619E7C0}"
EndProject
Project("{FAE04EC0-301F-11D3-BF4B-00C04F79EFBC}") = "Teht3_MyFishApp", "Teht3_MyFishApp\Teht3_MyFishApp.csproj", "{D2776ED1-3725-40A7-82E3-3E242DE23077}"
EndProject
Project("{FAE04EC0-301F-11D3-BF4B-00C04F79EFBC}") = "Teht4_Shapes", "Teht4_Shapes\Teht4_Shapes.csproj", "{6F2C02C4-0912-4DB3-9F9D-15B7A51FBA0E}"
EndProject
Project("{FAE04EC0-301F-11D3-BF4B-00C04F79EFBC}") = "Teht5_Calc", "Teht5_Calc\Teht5_Calc.csproj", "{45FD45CA-BB9D-48FA-9DF5-5D0F24816F6D}"
EndProject
Project("{FAE04EC0-301F-11D3-BF4B-00C04F79EFBC}") = "Teht5_CalcTests1", "Teht5_CalcTests1\Teht5_CalcTests1.csproj", "{B0CF5D75-15A6-405A-BA22-F2C9A40FBDFE}"
EndProject
Global
	GlobalSection(SolutionConfigurationPlatforms) = preSolution
		Debug|Any CPU = Debug|Any CPU
		Release|Any CPU = Release|Any CPU
	EndGlobalSection
	GlobalSection(ProjectConfigurationPlatforms) = postSolution
		{F9D8F854-1178-4C10-84C6-A971F13F91FD}.Debug|Any CPU.ActiveCfg = Debug|Any CPU
		{F9D8F854-1178-4C10-84C6-A971F13F91FD}.Debug|Any CPU.Build.0 = Debug|Any CPU
		{F9D8F854-1178-4C10-84C6-A971F13F91FD}.Release|Any CPU.ActiveCfg = Release|Any CPU
		{F9D8F854-1178-4C10-84C6-A971F13F91FD}.Release|Any CPU.Build.0 = Release|Any CPU
		{798D562F-34D2-4AC4-97CE-297A6BBA16B7}.Debug|Any CPU.ActiveCfg = Debug|Any CPU
		{798D562F-34D2-4AC4-97CE-297A6BBA16B7}.Debug|Any CPU.Build.0 = Debug|Any CPU
		{798D562F-34D2-4AC4-97CE-297A6BBA16B7}.Release|Any CPU.ActiveCfg = Release|Any CPU
		{798D562F-34D2-4AC4-97CE-297A6BBA16B7}.Release|Any CPU.Build.0 = Release|Any CPU
		{2C43A66D-1083-4816-9695-DE188619E7C0}.Debug|Any CPU.ActiveCfg = Debug|Any CPU
		{2C43A66D-1083-4816-9695-DE188619E7C0}.Debug|Any CPU.Build.0 = Debug|Any CPU
		{2C43A66D-1083-4816-9695-DE188619E7C0}.Release|Any CPU.ActiveCfg = Release|Any CPU
		{2C43A66D-1083-4816-9695-DE188619E7C0}.Release|Any CPU.Build.0 = Release|Any CPU
		{D2776ED1-3725-40A7-82E3-3E242DE23077}.Debug|Any CPU.ActiveCfg = Debug|Any CPU
		{D2776ED1-3725-40A7-82E3-3E242DE23077}.Debug|Any CPU.Build.0 = Debug|Any CPU
		{D2776ED1-3725-40A7-82E3-3E242DE23077}.Release|Any CPU.ActiveCfg = Release|Any CPU
		{D2776ED1-3725-40A7-82E3-3E242DE23077}.Release|Any CPU.Build.0 = Release|Any CPU
		{6F2C02C4-0912-4DB3-9F9D-15B7A51FBA0E}.Debug|Any CPU.ActiveCfg = Debug|Any CPU
		{6F2C02C4-0912-4DB3-9F9D-15B7A51FBA0E}.Debug|Any CPU.Build.0 = Debug|Any CPU
		{6F2C02C4-0912-4DB3-9F9D-15B7A51FBA0E}.Release|Any CPU.ActiveCfg = Release|Any CPU
		{6F2C02C4-0912-4DB3-9F9D-15B7A51FBA0E}.Release|Any CPU.Build.0 = Release|Any CPU
		{45FD45CA-BB9D-48FA-9DF5-5D0F24816F6D}.Debug|Any CPU.ActiveCfg = Debug|Any CPU
		{45FD45CA-BB9D-48FA-9DF5-5D0F24816F6D}.Debug|Any CPU.Build.0 = Debug|Any CPU
		{45FD45CA-BB9D-48FA-9DF5-5D0F24816F6D}.Release|Any CPU.ActiveCfg = Release|Any CPU
		{45FD45CA-BB9D-48FA-9DF5-5D0F24816F6D}.Release|Any CPU.Build.0 = Release|Any CPU
		{B0CF5D75-15A6-405A-BA22-F2C9A40FBDFE}.Debug|Any CPU.ActiveCfg = Debug|Any CPU
		{B0CF5D75-15A6-405A-BA22-F2C9A40FBDFE}.Debug|Any CPU.Build.0 = Debug|Any CPU
		{B0CF5D75-15A6-405A-BA22-F2C9A40FBDFE}.Release|Any CPU.ActiveCfg = Release|Any CPU
		{B0CF5D75-15A6-405A-BA22-F2C9A40FBDFE}.Release|Any CPU.Build.0 = Release|Any CPU
	EndGlobalSection
	GlobalSection(SolutionProperties) = preSolution
		HideSolutionNode = FALSE
	EndGlobalSection
	GlobalSection(ExtensibilityGlobals) = postSolution
		SolutionGuid = {173B6583-F789-4BB4-B0D4-D9996EC7E523}
	EndGlobalSection
EndGlobal
